
Microsoft Visual Studio Solution File, Format Version 12.00
# Visual Studio 15
VisualStudioVersion = 15.0.28307.421
MinimumVisualStudioVersion = 10.0.40219.1
Project("{FAE04EC0-301F-11D3-BF4B-00C04F79EFBC}") = "RocketWebApp", "RocketWebApp\RocketWebApp.csproj", "{36BD4EBD-5D33-45BB-B566-44F81C4AE378}"
EndProject
Global
	GlobalSection(SolutionConfigurationPlatforms) = preSolution
		Debug|Any CPU = Debug|Any CPU
		Release|Any CPU = Release|Any CPU
	EndGlobalSection
	GlobalSection(ProjectConfigurationPlatforms) = postSolution
		{36BD4EBD-5D33-45BB-B566-44F81C4AE378}.Debug|Any CPU.ActiveCfg = Debug|Any CPU
		{36BD4EBD-5D33-45BB-B566-44F81C4AE378}.Debug|Any CPU.Build.0 = Debug|Any CPU
		{36BD4EBD-5D33-45BB-B566-44F81C4AE378}.Release|Any CPU.ActiveCfg = Release|Any CPU
		{36BD4EBD-5D33-45BB-B566-44F81C4AE378}.Release|Any CPU.Build.0 = Release|Any CPU
	EndGlobalSection
	GlobalSection(SolutionProperties) = preSolution
		HideSolutionNode = FALSE
	EndGlobalSection
	GlobalSection(ExtensibilityGlobals) = postSolution
		SolutionGuid = {8B4054B2-1BD4-4BFE-8CE2-661C66136D21}
	EndGlobalSection
EndGlobal
